<?xml version="1.0" encoding="utf-8"?>
<Project ToolsVersion="4.0" xmlns="http://schemas.microsoft.com/developer/msbuild/2003">
  <ItemGroup>
    <Filter Include="Source Files">
      <UniqueIdentifier>{4FC737F1-C7A5-4376-A066-2A32D752A2FF}</UniqueIdentifier>
      <Extensions>cpp;c;cc;cxx;c++;cppm;ixx;def;odl;idl;hpj;bat;asm;asmx</Extensions>
    </Filter>
    <Filter Include="Header Files">
      <UniqueIdentifier>{93995380-89BD-4b04-88EB-625FBE52EBFB}</UniqueIdentifier>
      <Extensions>h;hh;hpp;hxx;h++;hm;inl;inc;ipp;xsd</Extensions>
    </Filter>
    <Filter Include="Resource Files">
      <UniqueIdentifier>{67DA6AB6-F800-4c08-8B7A-83BB121AAD01}</UniqueIdentifier>
      <Extensions>rc;ico;cur;bmp;dlg;rc2;rct;bin;rgs;gif;jpg;jpeg;jpe;resx;tiff;tif;png;wav;mfcribbon-ms</Extensions>
    </Filter>
    <Filter Include="Source Files\models">
      <UniqueIdentifier>{8d1754af-ef14-4156-a372-c029198a1204}</UniqueIdentifier>
    </Filter>
    <Filter Include="Source Files\services">
      <UniqueIdentifier>{900dd8cb-94b5-4f93-b5a1-283524ec4cdb}</UniqueIdentifier>
    </Filter>
    <Filter Include="Header Files\models">
      <UniqueIdentifier>{3030732c-5f88-474a-9641-eaaac4920ffa}</UniqueIdentifier>
    </Filter>
    <Filter Include="Source Files\repositories">
      <UniqueIdentifier>{209439f2-c968-4be6-aee6-d8974f3395d3}</UniqueIdentifier>
    </Filter>
    <Filter Include="Header Files\services">
      <UniqueIdentifier>{29c6cff7-d448-48a8-8c22-135b6a18a133}</UniqueIdentifier>
    </Filter>
  </ItemGroup>
  <ItemGroup>
    <ClCompile Include="main.cpp">
      <Filter>Source Files</Filter>
    </ClCompile>
    <ClCompile Include="bidder.cpp">
      <Filter>Source Files\models</Filter>
    </ClCompile>
    <ClCompile Include="seller.cpp">
      <Filter>Source Files\models</Filter>
    </ClCompile>
    <ClCompile Include="auction.cpp">
      <Filter>Source Files\models</Filter>
    </ClCompile>
    <ClCompile Include="auction_service.cpp">
      <Filter>Source Files\services</Filter>
    </ClCompile>
  </ItemGroup>
  <ItemGroup>
    <ClInclude Include="resource.h">
      <Filter>Header Files</Filter>
    </ClInclude>
    <ClInclude Include="auction.h">
      <Filter>Header Files\models</Filter>
    </ClInclude>
    <ClInclude Include="bidder.h">
      <Filter>Header Files\models</Filter>
    </ClInclude>
    <ClInclude Include="seller.h">
      <Filter>Header Files\models</Filter>
    </ClInclude>
    <ClInclude Include="auction_service.h">
      <Filter>Header Files\services</Filter>
    </ClInclude>
  </ItemGroup>
  <ItemGroup>
    <ResourceCompile Include="bidder.rc">
      <Filter>Resource Files</Filter>
    </ResourceCompile>
  </ItemGroup>
</Project>